
Microsoft Visual Studio Solution File, Format Version 12.00
# Visual Studio Version 17
VisualStudioVersion = 17.0.31912.275
MinimumVisualStudioVersion = 10.0.40219.1
Project("{FAE04EC0-301F-11D3-BF4B-00C04F79EFBC}") = "SupplyQueryDemo", "SupplyQueryDemo\SupplyQueryDemo.csproj", "{E8EAB241-B3F2-47F9-8D47-80AA62A73A7A}"
EndProject
Global
	GlobalSection(SolutionConfigurationPlatforms) = preSolution
		Debug|Any CPU = Debug|Any CPU
		Release|Any CPU = Release|Any CPU
	EndGlobalSection
	GlobalSection(ProjectConfigurationPlatforms) = postSolution
		{E8EAB241-B3F2-47F9-8D47-80AA62A73A7A}.Debug|Any CPU.ActiveCfg = Debug|Any CPU
		{E8EAB241-B3F2-47F9-8D47-80AA62A73A7A}.Debug|Any CPU.Build.0 = Debug|Any CPU
		{E8EAB241-B3F2-47F9-8D47-80AA62A73A7A}.Release|Any CPU.ActiveCfg = Release|Any CPU
		{E8EAB241-B3F2-47F9-8D47-80AA62A73A7A}.Release|Any CPU.Build.0 = Release|Any CPU
	EndGlobalSection
	GlobalSection(SolutionProperties) = preSolution
		HideSolutionNode = FALSE
	EndGlobalSection
	GlobalSection(ExtensibilityGlobals) = postSolution
		SolutionGuid = {216CB1C6-4A9A-430E-BFBD-C42AFB321CA1}
	EndGlobalSection
EndGlobal
